// !$*UTF8*$!
{
	archiveVersion = 1;
	classes = {
	};
	objectVersion = 46;
	objects = {

/* Begin PBXBuildFile section */
		EB55DC8516D227C600D36811 /* ManagedObjectModel.xcdatamodeld in Sources */ = {isa = PBXBuildFile; fileRef = EB55DC8316D227C600D36811 /* ManagedObjectModel.xcdatamodeld */; };
		EB55DC9016D35C5C00D36811 /* TaskViewController.m in Sources */ = {isa = PBXBuildFile; fileRef = EB55DC8E16D35C5B00D36811 /* TaskViewController.m */; };
		EB55DC9116D35C5C00D36811 /* TaskViewController.xib in Resources */ = {isa = PBXBuildFile; fileRef = EB55DC8F16D35C5B00D36811 /* TaskViewController.xib */; };
		EB55DC9616D35EE200D36811 /* TaskEntity.m in Sources */ = {isa = PBXBuildFile; fileRef = EB55DC9316D35EE200D36811 /* TaskEntity.m */; };
		EB55DC9716D35EE200D36811 /* TaskEntity+Control.m in Sources */ = {isa = PBXBuildFile; fileRef = EB55DC9516D35EE200D36811 /* TaskEntity+Control.m */; };
		EB8216F716D0EF7000734A05 /* UIKit.framework in Frameworks */ = {isa = PBXBuildFile; fileRef = EB8216F616D0EF7000734A05 /* UIKit.framework */; };
		EB8216F916D0EF7000734A05 /* Foundation.framework in Frameworks */ = {isa = PBXBuildFile; fileRef = EB8216F816D0EF7000734A05 /* Foundation.framework */; };
		EB8216FB16D0EF7000734A05 /* CoreGraphics.framework in Frameworks */ = {isa = PBXBuildFile; fileRef = EB8216FA16D0EF7000734A05 /* CoreGraphics.framework */; };
		EB82170116D0EF7000734A05 /* InfoPlist.strings in Resources */ = {isa = PBXBuildFile; fileRef = EB8216FF16D0EF7000734A05 /* InfoPlist.strings */; };
		EB82170316D0EF7000734A05 /* main.m in Sources */ = {isa = PBXBuildFile; fileRef = EB82170216D0EF7000734A05 /* main.m */; };
		EB82170716D0EF7000734A05 /* AppDelegate.m in Sources */ = {isa = PBXBuildFile; fileRef = EB82170616D0EF7000734A05 /* AppDelegate.m */; };
		EB82170916D0EF7000734A05 /* Default.png in Resources */ = {isa = PBXBuildFile; fileRef = EB82170816D0EF7000734A05 /* Default.png */; };
		EB82170B16D0EF7000734A05 /* Default@2x.png in Resources */ = {isa = PBXBuildFile; fileRef = EB82170A16D0EF7000734A05 /* Default@2x.png */; };
		EB82170D16D0EF7000734A05 /* Default-568h@2x.png in Resources */ = {isa = PBXBuildFile; fileRef = EB82170C16D0EF7000734A05 /* Default-568h@2x.png */; };
		EBC8551916D20D9000E8A2CF /* CoreData.framework in Frameworks */ = {isa = PBXBuildFile; fileRef = EBC8551816D20D9000E8A2CF /* CoreData.framework */; };
/* End PBXBuildFile section */

/* Begin PBXFileReference section */
		EB55DC8416D227C600D36811 /* ManagedObjectModel.xcdatamodel */ = {isa = PBXFileReference; lastKnownFileType = wrapper.xcdatamodel; path = ManagedObjectModel.xcdatamodel; sourceTree = "<group>"; };
		EB55DC8D16D35C5B00D36811 /* TaskViewController.h */ = {isa = PBXFileReference; fileEncoding = 4; lastKnownFileType = sourcecode.c.h; path = TaskViewController.h; sourceTree = "<group>"; };
		EB55DC8E16D35C5B00D36811 /* TaskViewController.m */ = {isa = PBXFileReference; fileEncoding = 4; lastKnownFileType = sourcecode.c.objc; path = TaskViewController.m; sourceTree = "<group>"; };
		EB55DC8F16D35C5B00D36811 /* TaskViewController.xib */ = {isa = PBXFileReference; fileEncoding = 4; lastKnownFileType = file.xib; path = TaskViewController.xib; sourceTree = "<group>"; };
		EB55DC9216D35EE200D36811 /* TaskEntity.h */ = {isa = PBXFileReference; fileEncoding = 4; lastKnownFileType = sourcecode.c.h; path = TaskEntity.h; sourceTree = "<group>"; };
		EB55DC9316D35EE200D36811 /* TaskEntity.m */ = {isa = PBXFileReference; fileEncoding = 4; lastKnownFileType = sourcecode.c.objc; path = TaskEntity.m; sourceTree = "<group>"; };
		EB55DC9416D35EE200D36811 /* TaskEntity+Control.h */ = {isa = PBXFileReference; fileEncoding = 4; lastKnownFileType = sourcecode.c.h; path = "TaskEntity+Control.h"; sourceTree = "<group>"; };
		EB55DC9516D35EE200D36811 /* TaskEntity+Control.m */ = {isa = PBXFileReference; fileEncoding = 4; lastKnownFileType = sourcecode.c.objc; path = "TaskEntity+Control.m"; sourceTree = "<group>"; };
		EB8216F316D0EF7000734A05 /* BasicIOSProjectWithCoreData.app */ = {isa = PBXFileReference; explicitFileType = wrapper.application; includeInIndex = 0; path = BasicIOSProjectWithCoreData.app; sourceTree = BUILT_PRODUCTS_DIR; };
		EB8216F616D0EF7000734A05 /* UIKit.framework */ = {isa = PBXFileReference; lastKnownFileType = wrapper.framework; name = UIKit.framework; path = System/Library/Frameworks/UIKit.framework; sourceTree = SDKROOT; };
		EB8216F816D0EF7000734A05 /* Foundation.framework */ = {isa = PBXFileReference; lastKnownFileType = wrapper.framework; name = Foundation.framework; path = System/Library/Frameworks/Foundation.framework; sourceTree = SDKROOT; };
		EB8216FA16D0EF7000734A05 /* CoreGraphics.framework */ = {isa = PBXFileReference; lastKnownFileType = wrapper.framework; name = CoreGraphics.framework; path = System/Library/Frameworks/CoreGraphics.framework; sourceTree = SDKROOT; };
		EB8216FE16D0EF7000734A05 /* BasicIOSProjectWithCoreData-Info.plist */ = {isa = PBXFileReference; lastKnownFileType = text.plist.xml; path = "BasicIOSProjectWithCoreData-Info.plist"; sourceTree = "<group>"; };
		EB82170016D0EF7000734A05 /* en */ = {isa = PBXFileReference; lastKnownFileType = text.plist.strings; name = en; path = en.lproj/InfoPlist.strings; sourceTree = "<group>"; };
		EB82170216D0EF7000734A05 /* main.m */ = {isa = PBXFileReference; lastKnownFileType = sourcecode.c.objc; path = main.m; sourceTree = "<group>"; };
		EB82170416D0EF7000734A05 /* BasicIOSProjectWithCoreData-Prefix.pch */ = {isa = PBXFileReference; lastKnownFileType = sourcecode.c.h; path = "BasicIOSProjectWithCoreData-Prefix.pch"; sourceTree = "<group>"; };
		EB82170516D0EF7000734A05 /* AppDelegate.h */ = {isa = PBXFileReference; lastKnownFileType = sourcecode.c.h; path = AppDelegate.h; sourceTree = "<group>"; };
		EB82170616D0EF7000734A05 /* AppDelegate.m */ = {isa = PBXFileReference; lastKnownFileType = sourcecode.c.objc; path = AppDelegate.m; sourceTree = "<group>"; };
		EB82170816D0EF7000734A05 /* Default.png */ = {isa = PBXFileReference; lastKnownFileType = image.png; path = Default.png; sourceTree = "<group>"; };
		EB82170A16D0EF7000734A05 /* Default@2x.png */ = {isa = PBXFileReference; lastKnownFileType = image.png; path = "Default@2x.png"; sourceTree = "<group>"; };
		EB82170C16D0EF7000734A05 /* Default-568h@2x.png */ = {isa = PBXFileReference; lastKnownFileType = image.png; path = "Default-568h@2x.png"; sourceTree = "<group>"; };
		EBC8551816D20D9000E8A2CF /* CoreData.framework */ = {isa = PBXFileReference; lastKnownFileType = wrapper.framework; name = CoreData.framework; path = System/Library/Frameworks/CoreData.framework; sourceTree = SDKROOT; };
/* End PBXFileReference section */

/* Begin PBXFrameworksBuildPhase section */
		EB8216F016D0EF7000734A05 /* Frameworks */ = {
			isa = PBXFrameworksBuildPhase;
			buildActionMask = 2147483647;
			files = (
				EBC8551916D20D9000E8A2CF /* CoreData.framework in Frameworks */,
				EB8216F716D0EF7000734A05 /* UIKit.framework in Frameworks */,
				EB8216F916D0EF7000734A05 /* Foundation.framework in Frameworks */,
				EB8216FB16D0EF7000734A05 /* CoreGraphics.framework in Frameworks */,
			);
			runOnlyForDeploymentPostprocessing = 0;
		};
/* End PBXFrameworksBuildPhase section */

/* Begin PBXGroup section */
		EB55DC9816D35EEC00D36811 /* Entities */ = {
			isa = PBXGroup;
			children = (
				EB55DC9216D35EE200D36811 /* TaskEntity.h */,
				EB55DC9316D35EE200D36811 /* TaskEntity.m */,
				EB55DC9416D35EE200D36811 /* TaskEntity+Control.h */,
				EB55DC9516D35EE200D36811 /* TaskEntity+Control.m */,
			);
			name = Entities;
			sourceTree = "<group>";
		};
		EB8216EA16D0EF7000734A05 = {
			isa = PBXGroup;
			children = (
				EB55DC8316D227C600D36811 /* ManagedObjectModel.xcdatamodeld */,
				EB8216FC16D0EF7000734A05 /* BasicIOSProjectWithCoreData */,
				EB8216F516D0EF7000734A05 /* Frameworks */,
				EB8216F416D0EF7000734A05 /* Products */,
			);
			sourceTree = "<group>";
		};
		EB8216F416D0EF7000734A05 /* Products */ = {
			isa = PBXGroup;
			children = (
				EB8216F316D0EF7000734A05 /* BasicIOSProjectWithCoreData.app */,
			);
			name = Products;
			sourceTree = "<group>";
		};
		EB8216F516D0EF7000734A05 /* Frameworks */ = {
			isa = PBXGroup;
			children = (
				EBC8551816D20D9000E8A2CF /* CoreData.framework */,
				EB8216F616D0EF7000734A05 /* UIKit.framework */,
				EB8216F816D0EF7000734A05 /* Foundation.framework */,
				EB8216FA16D0EF7000734A05 /* CoreGraphics.framework */,
			);
			name = Frameworks;
			sourceTree = "<group>";
		};
		EB8216FC16D0EF7000734A05 /* BasicIOSProjectWithCoreData */ = {
			isa = PBXGroup;
			children = (
				EB55DC9816D35EEC00D36811 /* Entities */,
				EB82170516D0EF7000734A05 /* AppDelegate.h */,
				EB82170616D0EF7000734A05 /* AppDelegate.m */,
				EB8216FD16D0EF7000734A05 /* Supporting Files */,
				EB55DC8D16D35C5B00D36811 /* TaskViewController.h */,
				EB55DC8E16D35C5B00D36811 /* TaskViewController.m */,
				EB55DC8F16D35C5B00D36811 /* TaskViewController.xib */,
			);
			path = BasicIOSProjectWithCoreData;
			sourceTree = "<group>";
		};
		EB8216FD16D0EF7000734A05 /* Supporting Files */ = {
			isa = PBXGroup;
			children = (
				EB8216FE16D0EF7000734A05 /* BasicIOSProjectWithCoreData-Info.plist */,
				EB8216FF16D0EF7000734A05 /* InfoPlist.strings */,
				EB82170216D0EF7000734A05 /* main.m */,
				EB82170416D0EF7000734A05 /* BasicIOSProjectWithCoreData-Prefix.pch */,
				EB82170816D0EF7000734A05 /* Default.png */,
				EB82170A16D0EF7000734A05 /* Default@2x.png */,
				EB82170C16D0EF7000734A05 /* Default-568h@2x.png */,
			);
			name = "Supporting Files";
			sourceTree = "<group>";
		};
/* End PBXGroup section */

/* Begin PBXNativeTarget section */
		EB8216F216D0EF7000734A05 /* BasicIOSProjectWithCoreData */ = {
			isa = PBXNativeTarget;
			buildConfigurationList = EB82171016D0EF7000734A05 /* Build configuration list for PBXNativeTarget "BasicIOSProjectWithCoreData" */;
			buildPhases = (
				EB8216EF16D0EF7000734A05 /* Sources */,
				EB8216F016D0EF7000734A05 /* Frameworks */,
				EB8216F116D0EF7000734A05 /* Resources */,
			);
			buildRules = (
			);
			dependencies = (
			);
			name = BasicIOSProjectWithCoreData;
			productName = BasicIOSProjectWithCoreData;
			productReference = EB8216F316D0EF7000734A05 /* BasicIOSProjectWithCoreData.app */;
			productType = "com.apple.product-type.application";
		};
/* End PBXNativeTarget section */

/* Begin PBXProject section */
		EB8216EB16D0EF7000734A05 /* Project object */ = {
			isa = PBXProject;
			attributes = {
				LastUpgradeCheck = 0460;
				ORGANIZATIONNAME = "Matsuki Hidenori";
			};
			buildConfigurationList = EB8216EE16D0EF7000734A05 /* Build configuration list for PBXProject "BasicIOSProjectWithCoreData" */;
			compatibilityVersion = "Xcode 3.2";
			developmentRegion = English;
			hasScannedForEncodings = 0;
			knownRegions = (
				en,
			);
			mainGroup = EB8216EA16D0EF7000734A05;
			productRefGroup = EB8216F416D0EF7000734A05 /* Products */;
			projectDirPath = "";
			projectRoot = "";
			targets = (
				EB8216F216D0EF7000734A05 /* BasicIOSProjectWithCoreData */,
			);
		};
/* End PBXProject section */

/* Begin PBXResourcesBuildPhase section */
		EB8216F116D0EF7000734A05 /* Resources */ = {
			isa = PBXResourcesBuildPhase;
			buildActionMask = 2147483647;
			files = (
				EB82170116D0EF7000734A05 /* InfoPlist.strings in Resources */,
				EB82170916D0EF7000734A05 /* Default.png in Resources */,
				EB82170B16D0EF7000734A05 /* Default@2x.png in Resources */,
				EB82170D16D0EF7000734A05 /* Default-568h@2x.png in Resources */,
				EB55DC9116D35C5C00D36811 /* TaskViewController.xib in Resources */,
			);
			runOnlyForDeploymentPostprocessing = 0;
		};
/* End PBXResourcesBuildPhase section */

/* Begin PBXSourcesBuildPhase section */
		EB8216EF16D0EF7000734A05 /* Sources */ = {
			isa = PBXSourcesBuildPhase;
			buildActionMask = 2147483647;
			files = (
				EB82170316D0EF7000734A05 /* main.m in Sources */,
				EB82170716D0EF7000734A05 /* AppDelegate.m in Sources */,
				EB55DC8516D227C600D36811 /* ManagedObjectModel.xcdatamodeld in Sources */,
				EB55DC9016D35C5C00D36811 /* TaskViewController.m in Sources */,
				EB55DC9616D35EE200D36811 /* TaskEntity.m in Sources */,
				EB55DC9716D35EE200D36811 /* TaskEntity+Control.m in Sources */,
			);
			runOnlyForDeploymentPostprocessing = 0;
		};
/* End PBXSourcesBuildPhase section */

/* Begin PBXVariantGroup section */
		EB8216FF16D0EF7000734A05 /* InfoPlist.strings */ = {
			isa = PBXVariantGroup;
			children = (
				EB82170016D0EF7000734A05 /* en */,
			);
			name = InfoPlist.strings;
			sourceTree = "<group>";
		};
/* End PBXVariantGroup section */

/* Begin XCBuildConfiguration section */
		EB82170E16D0EF7000734A05 /* Debug */ = {
			isa = XCBuildConfiguration;
			buildSettings = {
				ALWAYS_SEARCH_USER_PATHS = NO;
				CLANG_CXX_LANGUAGE_STANDARD = "gnu++0x";
				CLANG_CXX_LIBRARY = "libc++";
				CLANG_ENABLE_OBJC_ARC = YES;
				CLANG_WARN_CONSTANT_CONVERSION = YES;
				CLANG_WARN_EMPTY_BODY = YES;
				CLANG_WARN_ENUM_CONVERSION = YES;
				CLANG_WARN_INT_CONVERSION = YES;
				CLANG_WARN__DUPLICATE_METHOD_MATCH = YES;
				"CODE_SIGN_IDENTITY[sdk=iphoneos*]" = "iPhone Developer";
				COPY_PHASE_STRIP = NO;
				GCC_C_LANGUAGE_STANDARD = gnu99;
				GCC_DYNAMIC_NO_PIC = NO;
				GCC_OPTIMIZATION_LEVEL = 0;
				GCC_PREPROCESSOR_DEFINITIONS = (
					"DEBUG=1",
					"$(inherited)",
				);
				GCC_SYMBOLS_PRIVATE_EXTERN = NO;
				GCC_WARN_ABOUT_RETURN_TYPE = YES;
				GCC_WARN_UNINITIALIZED_AUTOS = YES;
				GCC_WARN_UNUSED_VARIABLE = YES;
				IPHONEOS_DEPLOYMENT_TARGET = 6.1;
				ONLY_ACTIVE_ARCH = YES;
				SDKROOT = iphoneos;
			};
			name = Debug;
		};
		EB82170F16D0EF7000734A05 /* Release */ = {
			isa = XCBuildConfiguration;
			buildSettings = {
				ALWAYS_SEARCH_USER_PATHS = NO;
				CLANG_CXX_LANGUAGE_STANDARD = "gnu++0x";
				CLANG_CXX_LIBRARY = "libc++";
				CLANG_ENABLE_OBJC_ARC = YES;
				CLANG_WARN_CONSTANT_CONVERSION = YES;
				CLANG_WARN_EMPTY_BODY = YES;
				CLANG_WARN_ENUM_CONVERSION = YES;
				CLANG_WARN_INT_CONVERSION = YES;
				CLANG_WARN__DUPLICATE_METHOD_MATCH = YES;
				"CODE_SIGN_IDENTITY[sdk=iphoneos*]" = "iPhone Developer";
				COPY_PHASE_STRIP = YES;
				GCC_C_LANGUAGE_STANDARD = gnu99;
				GCC_WARN_ABOUT_RETURN_TYPE = YES;
				GCC_WARN_UNINITIALIZED_AUTOS = YES;
				GCC_WARN_UNUSED_VARIABLE = YES;
				IPHONEOS_DEPLOYMENT_TARGET = 6.1;
				OTHER_CFLAGS = "-DNS_BLOCK_ASSERTIONS=1";
				SDKROOT = iphoneos;
				VALIDATE_PRODUCT = YES;
			};
			name = Release;
		};
		EB82171116D0EF7000734A05 /* Debug */ = {
			isa = XCBuildConfiguration;
			buildSettings = {
				GCC_PRECOMPILE_PREFIX_HEADER = YES;
				GCC_PREFIX_HEADER = "BasicIOSProjectWithCoreData/BasicIOSProjectWithCoreData-Prefix.pch";
				INFOPLIST_FILE = "BasicIOSProjectWithCoreData/BasicIOSProjectWithCoreData-Info.plist";
				PRODUCT_NAME = "$(TARGET_NAME)";
				WRAPPER_EXTENSION = app;
			};
			name = Debug;
		};
		EB82171216D0EF7000734A05 /* Release */ = {
			isa = XCBuildConfiguration;
			buildSettings = {
				GCC_PRECOMPILE_PREFIX_HEADER = YES;
				GCC_PREFIX_HEADER = "BasicIOSProjectWithCoreData/BasicIOSProjectWithCoreData-Prefix.pch";
				INFOPLIST_FILE = "BasicIOSProjectWithCoreData/BasicIOSProjectWithCoreData-Info.plist";
				PRODUCT_NAME = "$(TARGET_NAME)";
				WRAPPER_EXTENSION = app;
			};
			name = Release;
		};
/* End XCBuildConfiguration section */

/* Begin XCConfigurationList section */
		EB8216EE16D0EF7000734A05 /* Build configuration list for PBXProject "BasicIOSProjectWithCoreData" */ = {
			isa = XCConfigurationList;
			buildConfigurations = (
				EB82170E16D0EF7000734A05 /* Debug */,
				EB82170F16D0EF7000734A05 /* Release */,
			);
			defaultConfigurationIsVisible = 0;
			defaultConfigurationName = Release;
		};
		EB82171016D0EF7000734A05 /* Build configuration list for PBXNativeTarget "BasicIOSProjectWithCoreData" */ = {
			isa = XCConfigurationList;
			buildConfigurations = (
				EB82171116D0EF7000734A05 /* Debug */,
				EB82171216D0EF7000734A05 /* Release */,
			);
			defaultConfigurationIsVisible = 0;
			defaultConfigurationName = Release;
		};
/* End XCConfigurationList section */

/* Begin XCVersionGroup section */
		EB55DC8316D227C600D36811 /* ManagedObjectModel.xcdatamodeld */ = {
			isa = XCVersionGroup;
			children = (
				EB55DC8416D227C600D36811 /* ManagedObjectModel.xcdatamodel */,
			);
			currentVersion = EB55DC8416D227C600D36811 /* ManagedObjectModel.xcdatamodel */;
			path = ManagedObjectModel.xcdatamodeld;
			sourceTree = "<group>";
			versionGroupType = wrapper.xcdatamodel;
		};
/* End XCVersionGroup section */
	};
	rootObject = EB8216EB16D0EF7000734A05 /* Project object */;
}
